# This file is automatically @generated by Cargo.
# It is not intended for manual editing.
[[package]]
name = "rust-shell"
version = "0.1.0"
dependencies = [
 "shlex",
]

[[package]]
name = "shlex"
version = "0.1.1"
source = "registry+https://github.com/rust-lang/crates.io-index"
checksum = "7fdf1b9db47230893d76faad238fd6097fd6d6a9245cd7a4d90dbd639536bbd2"
